
Microsoft Visual Studio Solution File, Format Version 12.00
# Visual Studio Version 17
VisualStudioVersion = 17.4.33213.308
MinimumVisualStudioVersion = 10.0.40219.1
Project("{8BC9CEB8-8B4A-11D0-8D11-00A0C91BC942}") = "lab2", "lab2\lab2.vcxproj", "{DE3472F9-040E-4283-95E3-AF1D7160C94A}"
EndProject
Global
	GlobalSection(SolutionConfigurationPlatforms) = preSolution
		Debug|x64 = Debug|x64
		Debug|x86 = Debug|x86
		Release|x64 = Release|x64
		Release|x86 = Release|x86
	EndGlobalSection
	GlobalSection(ProjectConfigurationPlatforms) = postSolution
		{DE3472F9-040E-4283-95E3-AF1D7160C94A}.Debug|x64.ActiveCfg = Debug|x64
		{DE3472F9-040E-4283-95E3-AF1D7160C94A}.Debug|x64.Build.0 = Debug|x64
		{DE3472F9-040E-4283-95E3-AF1D7160C94A}.Debug|x86.ActiveCfg = Debug|Win32
		{DE3472F9-040E-4283-95E3-AF1D7160C94A}.Debug|x86.Build.0 = Debug|Win32
		{DE3472F9-040E-4283-95E3-AF1D7160C94A}.Release|x64.ActiveCfg = Release|x64
		{DE3472F9-040E-4283-95E3-AF1D7160C94A}.Release|x64.Build.0 = Release|x64
		{DE3472F9-040E-4283-95E3-AF1D7160C94A}.Release|x86.ActiveCfg = Release|Win32
		{DE3472F9-040E-4283-95E3-AF1D7160C94A}.Release|x86.Build.0 = Release|Win32
	EndGlobalSection
	GlobalSection(SolutionProperties) = preSolution
		HideSolutionNode = FALSE
	EndGlobalSection
	GlobalSection(ExtensibilityGlobals) = postSolution
		SolutionGuid = {06FE4F40-73EF-4795-88EB-279A6DEF9CA9}
	EndGlobalSection
EndGlobal
